
Microsoft Visual Studio Solution File, Format Version 12.00
# Visual Studio Version 17
VisualStudioVersion = 17.6.33927.249
MinimumVisualStudioVersion = 10.0.40219.1
Project("{FAE04EC0-301F-11D3-BF4B-00C04F79EFBC}") = "Twitter-Backend", "Twitter-Backend.csproj", "{8B24EB25-89C8-49FB-98CF-5898929E47C8}"
EndProject
Global
	GlobalSection(SolutionConfigurationPlatforms) = preSolution
		Debug|Any CPU = Debug|Any CPU
		Release|Any CPU = Release|Any CPU
	EndGlobalSection
	GlobalSection(ProjectConfigurationPlatforms) = postSolution
		{8B24EB25-89C8-49FB-98CF-5898929E47C8}.Debug|Any CPU.ActiveCfg = Debug|Any CPU
		{8B24EB25-89C8-49FB-98CF-5898929E47C8}.Debug|Any CPU.Build.0 = Debug|Any CPU
		{8B24EB25-89C8-49FB-98CF-5898929E47C8}.Release|Any CPU.ActiveCfg = Release|Any CPU
		{8B24EB25-89C8-49FB-98CF-5898929E47C8}.Release|Any CPU.Build.0 = Release|Any CPU
	EndGlobalSection
	GlobalSection(SolutionProperties) = preSolution
		HideSolutionNode = FALSE
	EndGlobalSection
	GlobalSection(ExtensibilityGlobals) = postSolution
		SolutionGuid = {09CA4C4F-AD09-4D7F-9990-1C39EDF9DBDE}
	EndGlobalSection
EndGlobal
